
Microsoft Visual Studio Solution File, Format Version 12.00
# Visual Studio Version 16
VisualStudioVersion = 16.0.30406.217
MinimumVisualStudioVersion = 10.0.40219.1
Project("{9A19103F-16F7-4668-BE54-9A1E7A4F7556}") = "UONegotiator", "UONegotiator.csproj", "{92F472C5-6BAC-4A85-A564-E1FE75D9C7EC}"
EndProject
Project("{8BC9CEB8-8B4A-11D0-8D11-00A0C91BC942}") = "UOCompression", "..\UOCompression\UOCompression.vcxproj", "{201A1FD0-E845-4860-86ED-2D15E8BC4A34}"
EndProject
Global
	GlobalSection(SolutionConfigurationPlatforms) = preSolution
		Debug|Any CPU = Debug|Any CPU
		Debug|x64 = Debug|x64
		Debug|x86 = Debug|x86
		Release|Any CPU = Release|Any CPU
		Release|x64 = Release|x64
		Release|x86 = Release|x86
	EndGlobalSection
	GlobalSection(ProjectConfigurationPlatforms) = postSolution
		{92F472C5-6BAC-4A85-A564-E1FE75D9C7EC}.Debug|Any CPU.ActiveCfg = Debug|Any CPU
		{92F472C5-6BAC-4A85-A564-E1FE75D9C7EC}.Debug|Any CPU.Build.0 = Debug|Any CPU
		{92F472C5-6BAC-4A85-A564-E1FE75D9C7EC}.Debug|x64.ActiveCfg = Debug|x64
		{92F472C5-6BAC-4A85-A564-E1FE75D9C7EC}.Debug|x64.Build.0 = Debug|x64
		{92F472C5-6BAC-4A85-A564-E1FE75D9C7EC}.Debug|x86.ActiveCfg = Debug|x86
		{92F472C5-6BAC-4A85-A564-E1FE75D9C7EC}.Debug|x86.Build.0 = Debug|x86
		{92F472C5-6BAC-4A85-A564-E1FE75D9C7EC}.Release|Any CPU.ActiveCfg = Release|Any CPU
		{92F472C5-6BAC-4A85-A564-E1FE75D9C7EC}.Release|Any CPU.Build.0 = Release|Any CPU
		{92F472C5-6BAC-4A85-A564-E1FE75D9C7EC}.Release|x64.ActiveCfg = Release|Any CPU
		{92F472C5-6BAC-4A85-A564-E1FE75D9C7EC}.Release|x64.Build.0 = Release|Any CPU
		{92F472C5-6BAC-4A85-A564-E1FE75D9C7EC}.Release|x86.ActiveCfg = Release|Any CPU
		{92F472C5-6BAC-4A85-A564-E1FE75D9C7EC}.Release|x86.Build.0 = Release|Any CPU
		{201A1FD0-E845-4860-86ED-2D15E8BC4A34}.Debug|Any CPU.ActiveCfg = Debug|x64
		{201A1FD0-E845-4860-86ED-2D15E8BC4A34}.Debug|Any CPU.Build.0 = Debug|x64
		{201A1FD0-E845-4860-86ED-2D15E8BC4A34}.Debug|x64.ActiveCfg = Debug|x64
		{201A1FD0-E845-4860-86ED-2D15E8BC4A34}.Debug|x64.Build.0 = Debug|x64
		{201A1FD0-E845-4860-86ED-2D15E8BC4A34}.Debug|x86.ActiveCfg = Debug|Win32
		{201A1FD0-E845-4860-86ED-2D15E8BC4A34}.Debug|x86.Build.0 = Debug|Win32
		{201A1FD0-E845-4860-86ED-2D15E8BC4A34}.Release|Any CPU.ActiveCfg = Release|Win32
		{201A1FD0-E845-4860-86ED-2D15E8BC4A34}.Release|x64.ActiveCfg = Release|x64
		{201A1FD0-E845-4860-86ED-2D15E8BC4A34}.Release|x64.Build.0 = Release|x64
		{201A1FD0-E845-4860-86ED-2D15E8BC4A34}.Release|x86.ActiveCfg = Release|Win32
		{201A1FD0-E845-4860-86ED-2D15E8BC4A34}.Release|x86.Build.0 = Release|Win32
	EndGlobalSection
	GlobalSection(SolutionProperties) = preSolution
		HideSolutionNode = FALSE
	EndGlobalSection
	GlobalSection(ExtensibilityGlobals) = postSolution
		SolutionGuid = {D3CFF44A-3C16-438C-975C-E73BBB7D4FBE}
	EndGlobalSection
EndGlobal
