
Microsoft Visual Studio Solution File, Format Version 12.00
# Visual Studio Version 16
VisualStudioVersion = 16.0.30406.217
MinimumVisualStudioVersion = 10.0.40219.1
Project("{FAE04EC0-301F-11D3-BF4B-00C04F79EFBC}") = "UONegotiator", "UONegotiator.csproj", "{92F472C5-6BAC-4A85-A564-E1FE75D9C7EC}"
EndProject
Global
	GlobalSection(SolutionConfigurationPlatforms) = preSolution
		Debug|Any CPU = Debug|Any CPU
		Release|Any CPU = Release|Any CPU
	EndGlobalSection
	GlobalSection(ProjectConfigurationPlatforms) = postSolution
		{92F472C5-6BAC-4A85-A564-E1FE75D9C7EC}.Debug|Any CPU.ActiveCfg = Debug|Any CPU
		{92F472C5-6BAC-4A85-A564-E1FE75D9C7EC}.Debug|Any CPU.Build.0 = Debug|Any CPU
		{92F472C5-6BAC-4A85-A564-E1FE75D9C7EC}.Release|Any CPU.ActiveCfg = Release|Any CPU
		{92F472C5-6BAC-4A85-A564-E1FE75D9C7EC}.Release|Any CPU.Build.0 = Release|Any CPU
	EndGlobalSection
	GlobalSection(SolutionProperties) = preSolution
		HideSolutionNode = FALSE
	EndGlobalSection
	GlobalSection(ExtensibilityGlobals) = postSolution
		SolutionGuid = {D3CFF44A-3C16-438C-975C-E73BBB7D4FBE}
	EndGlobalSection
EndGlobal
